
Microsoft Visual Studio Solution File, Format Version 12.00
# Visual Studio Version 17
VisualStudioVersion = 17.8.34309.116
MinimumVisualStudioVersion = 10.0.40219.1
Project("{FAE04EC0-301F-11D3-BF4B-00C04F79EFBC}") = "DZ3", "DZ3\DZ3.csproj", "{0F5C5E9E-6F97-4710-B763-BFC10110F451}"
EndProject
Project("{FAE04EC0-301F-11D3-BF4B-00C04F79EFBC}") = "ClassLibraryDZ3", "ClassLibraryDZ3\ClassLibraryDZ3.csproj", "{D183A8DA-92D1-4C6C-82A6-8428C0F89FE6}"
EndProject
Global
	GlobalSection(SolutionConfigurationPlatforms) = preSolution
		Debug|Any CPU = Debug|Any CPU
		Release|Any CPU = Release|Any CPU
	EndGlobalSection
	GlobalSection(ProjectConfigurationPlatforms) = postSolution
		{0F5C5E9E-6F97-4710-B763-BFC10110F451}.Debug|Any CPU.ActiveCfg = Debug|Any CPU
		{0F5C5E9E-6F97-4710-B763-BFC10110F451}.Debug|Any CPU.Build.0 = Debug|Any CPU
		{0F5C5E9E-6F97-4710-B763-BFC10110F451}.Release|Any CPU.ActiveCfg = Release|Any CPU
		{0F5C5E9E-6F97-4710-B763-BFC10110F451}.Release|Any CPU.Build.0 = Release|Any CPU
		{D183A8DA-92D1-4C6C-82A6-8428C0F89FE6}.Debug|Any CPU.ActiveCfg = Debug|Any CPU
		{D183A8DA-92D1-4C6C-82A6-8428C0F89FE6}.Debug|Any CPU.Build.0 = Debug|Any CPU
		{D183A8DA-92D1-4C6C-82A6-8428C0F89FE6}.Release|Any CPU.ActiveCfg = Release|Any CPU
		{D183A8DA-92D1-4C6C-82A6-8428C0F89FE6}.Release|Any CPU.Build.0 = Release|Any CPU
	EndGlobalSection
	GlobalSection(SolutionProperties) = preSolution
		HideSolutionNode = FALSE
	EndGlobalSection
	GlobalSection(ExtensibilityGlobals) = postSolution
		SolutionGuid = {B9984395-417D-41D4-91E2-2543A15F2F2B}
	EndGlobalSection
EndGlobal
